
Microsoft Visual Studio Solution File, Format Version 12.00
# Visual Studio Version 16
VisualStudioVersion = 16.0.30804.86
MinimumVisualStudioVersion = 10.0.40219.1
Project("{FAE04EC0-301F-11D3-BF4B-00C04F79EFBC}") = "TestDrive.Android", "TestDrive.Android\TestDrive.Android.csproj", "{7F9B5B0F-D123-45EC-8F3B-7718A1A0542F}"
EndProject
Project("{FAE04EC0-301F-11D3-BF4B-00C04F79EFBC}") = "TestDrive", "TestDrive\TestDrive.csproj", "{A28970C8-AD4C-44E5-8C82-BE9E4B503015}"
EndProject
Global
	GlobalSection(SolutionConfigurationPlatforms) = preSolution
		Debug|Any CPU = Debug|Any CPU
		Release|Any CPU = Release|Any CPU
	EndGlobalSection
	GlobalSection(ProjectConfigurationPlatforms) = postSolution
		{7F9B5B0F-D123-45EC-8F3B-7718A1A0542F}.Debug|Any CPU.ActiveCfg = Debug|Any CPU
		{7F9B5B0F-D123-45EC-8F3B-7718A1A0542F}.Debug|Any CPU.Build.0 = Debug|Any CPU
		{7F9B5B0F-D123-45EC-8F3B-7718A1A0542F}.Debug|Any CPU.Deploy.0 = Debug|Any CPU
		{7F9B5B0F-D123-45EC-8F3B-7718A1A0542F}.Release|Any CPU.ActiveCfg = Release|Any CPU
		{7F9B5B0F-D123-45EC-8F3B-7718A1A0542F}.Release|Any CPU.Build.0 = Release|Any CPU
		{7F9B5B0F-D123-45EC-8F3B-7718A1A0542F}.Release|Any CPU.Deploy.0 = Release|Any CPU
		{A28970C8-AD4C-44E5-8C82-BE9E4B503015}.Debug|Any CPU.ActiveCfg = Debug|Any CPU
		{A28970C8-AD4C-44E5-8C82-BE9E4B503015}.Debug|Any CPU.Build.0 = Debug|Any CPU
		{A28970C8-AD4C-44E5-8C82-BE9E4B503015}.Debug|Any CPU.Deploy.0 = Debug|Any CPU
		{A28970C8-AD4C-44E5-8C82-BE9E4B503015}.Release|Any CPU.ActiveCfg = Release|Any CPU
		{A28970C8-AD4C-44E5-8C82-BE9E4B503015}.Release|Any CPU.Build.0 = Release|Any CPU
		{A28970C8-AD4C-44E5-8C82-BE9E4B503015}.Release|Any CPU.Deploy.0 = Release|Any CPU
	EndGlobalSection
	GlobalSection(SolutionProperties) = preSolution
		HideSolutionNode = FALSE
	EndGlobalSection
	GlobalSection(ExtensibilityGlobals) = postSolution
		SolutionGuid = {369387EE-93DF-4788-8BAD-39107A82E772}
	EndGlobalSection
EndGlobal
